// !$*UTF8*$!
{
	archiveVersion = 1;
	classes = {
	};
	objectVersion = 50;
	objects = {

/* Begin PBXBuildFile section */
		7FD1B2D5220392360027E4EB /* AppDelegate.swift in Sources */ = {isa = PBXBuildFile; fileRef = 7FD1B2D4220392360027E4EB /* AppDelegate.swift */; };
		7FD1B2D7220392360027E4EB /* ViewController.swift in Sources */ = {isa = PBXBuildFile; fileRef = 7FD1B2D6220392360027E4EB /* ViewController.swift */; };
		7FD1B2DA220392360027E4EB /* Main.storyboard in Resources */ = {isa = PBXBuildFile; fileRef = 7FD1B2D8220392360027E4EB /* Main.storyboard */; };
		7FD1B2DC220392370027E4EB /* Assets.xcassets in Resources */ = {isa = PBXBuildFile; fileRef = 7FD1B2DB220392370027E4EB /* Assets.xcassets */; };
		7FD1B2DF220392370027E4EB /* LaunchScreen.storyboard in Resources */ = {isa = PBXBuildFile; fileRef = 7FD1B2DD220392370027E4EB /* LaunchScreen.storyboard */; };
		7FD1B2EA220392370027E4EB /* IfElseStatementsTests.swift in Sources */ = {isa = PBXBuildFile; fileRef = 7FD1B2E9220392370027E4EB /* IfElseStatementsTests.swift */; };
		7FD1B2F5220392370027E4EB /* IfElseStatementsUITests.swift in Sources */ = {isa = PBXBuildFile; fileRef = 7FD1B2F4220392370027E4EB /* IfElseStatementsUITests.swift */; };
/* End PBXBuildFile section */

/* Begin PBXContainerItemProxy section */
		7FD1B2E6220392370027E4EB /* PBXContainerItemProxy */ = {
			isa = PBXContainerItemProxy;
			containerPortal = 7FD1B2C9220392360027E4EB /* Project object */;
			proxyType = 1;
			remoteGlobalIDString = 7FD1B2D0220392360027E4EB;
			remoteInfo = IfElseStatements;
		};
		7FD1B2F1220392370027E4EB /* PBXContainerItemProxy */ = {
			isa = PBXContainerItemProxy;
			containerPortal = 7FD1B2C9220392360027E4EB /* Project object */;
			proxyType = 1;
			remoteGlobalIDString = 7FD1B2D0220392360027E4EB;
			remoteInfo = IfElseStatements;
		};
/* End PBXContainerItemProxy section */

/* Begin PBXFileReference section */
		7FD1B2D1220392360027E4EB /* IfElseStatements.app */ = {isa = PBXFileReference; explicitFileType = wrapper.application; includeInIndex = 0; path = IfElseStatements.app; sourceTree = BUILT_PRODUCTS_DIR; };
		7FD1B2D4220392360027E4EB /* AppDelegate.swift */ = {isa = PBXFileReference; lastKnownFileType = sourcecode.swift; path = AppDelegate.swift; sourceTree = "<group>"; };
		7FD1B2D6220392360027E4EB /* ViewController.swift */ = {isa = PBXFileReference; lastKnownFileType = sourcecode.swift; path = ViewController.swift; sourceTree = "<group>"; };
		7FD1B2D9220392360027E4EB /* Base */ = {isa = PBXFileReference; lastKnownFileType = file.storyboard; name = Base; path = Base.lproj/Main.storyboard; sourceTree = "<group>"; };
		7FD1B2DB220392370027E4EB /* Assets.xcassets */ = {isa = PBXFileReference; lastKnownFileType = folder.assetcatalog; path = Assets.xcassets; sourceTree = "<group>"; };
		7FD1B2DE220392370027E4EB /* Base */ = {isa = PBXFileReference; lastKnownFileType = file.storyboard; name = Base; path = Base.lproj/LaunchScreen.storyboard; sourceTree = "<group>"; };
		7FD1B2E0220392370027E4EB /* Info.plist */ = {isa = PBXFileReference; lastKnownFileType = text.plist.xml; path = Info.plist; sourceTree = "<group>"; };
		7FD1B2E5220392370027E4EB /* IfElseStatementsTests.xctest */ = {isa = PBXFileReference; explicitFileType = wrapper.cfbundle; includeInIndex = 0; path = IfElseStatementsTests.xctest; sourceTree = BUILT_PRODUCTS_DIR; };
		7FD1B2E9220392370027E4EB /* IfElseStatementsTests.swift */ = {isa = PBXFileReference; lastKnownFileType = sourcecode.swift; path = IfElseStatementsTests.swift; sourceTree = "<group>"; };
		7FD1B2EB220392370027E4EB /* Info.plist */ = {isa = PBXFileReference; lastKnownFileType = text.plist.xml; path = Info.plist; sourceTree = "<group>"; };
		7FD1B2F0220392370027E4EB /* IfElseStatementsUITests.xctest */ = {isa = PBXFileReference; explicitFileType = wrapper.cfbundle; includeInIndex = 0; path = IfElseStatementsUITests.xctest; sourceTree = BUILT_PRODUCTS_DIR; };
		7FD1B2F4220392370027E4EB /* IfElseStatementsUITests.swift */ = {isa = PBXFileReference; lastKnownFileType = sourcecode.swift; path = IfElseStatementsUITests.swift; sourceTree = "<group>"; };
		7FD1B2F6220392370027E4EB /* Info.plist */ = {isa = PBXFileReference; lastKnownFileType = text.plist.xml; path = Info.plist; sourceTree = "<group>"; };
/* End PBXFileReference section */

/* Begin PBXFrameworksBuildPhase section */
		7FD1B2CE220392360027E4EB /* Frameworks */ = {
			isa = PBXFrameworksBuildPhase;
			buildActionMask = 2147483647;
			files = (
			);
			runOnlyForDeploymentPostprocessing = 0;
		};
		7FD1B2E2220392370027E4EB /* Frameworks */ = {
			isa = PBXFrameworksBuildPhase;
			buildActionMask = 2147483647;
			files = (
			);
			runOnlyForDeploymentPostprocessing = 0;
		};
		7FD1B2ED220392370027E4EB /* Frameworks */ = {
			isa = PBXFrameworksBuildPhase;
			buildActionMask = 2147483647;
			files = (
			);
			runOnlyForDeploymentPostprocessing = 0;
		};
/* End PBXFrameworksBuildPhase section */

/* Begin PBXGroup section */
		7FD1B2C8220392360027E4EB = {
			isa = PBXGroup;
			children = (
				7FD1B2D3220392360027E4EB /* IfElseStatements */,
				7FD1B2E8220392370027E4EB /* IfElseStatementsTests */,
				7FD1B2F3220392370027E4EB /* IfElseStatementsUITests */,
				7FD1B2D2220392360027E4EB /* Products */,
			);
			sourceTree = "<group>";
		};
		7FD1B2D2220392360027E4EB /* Products */ = {
			isa = PBXGroup;
			children = (
				7FD1B2D1220392360027E4EB /* IfElseStatements.app */,
				7FD1B2E5220392370027E4EB /* IfElseStatementsTests.xctest */,
				7FD1B2F0220392370027E4EB /* IfElseStatementsUITests.xctest */,
			);
			name = Products;
			sourceTree = "<group>";
		};
		7FD1B2D3220392360027E4EB /* IfElseStatements */ = {
			isa = PBXGroup;
			children = (
				7FD1B2D4220392360027E4EB /* AppDelegate.swift */,
				7FD1B2D6220392360027E4EB /* ViewController.swift */,
				7FD1B2D8220392360027E4EB /* Main.storyboard */,
				7FD1B2DB220392370027E4EB /* Assets.xcassets */,
				7FD1B2DD220392370027E4EB /* LaunchScreen.storyboard */,
				7FD1B2E0220392370027E4EB /* Info.plist */,
			);
			path = IfElseStatements;
			sourceTree = "<group>";
		};
		7FD1B2E8220392370027E4EB /* IfElseStatementsTests */ = {
			isa = PBXGroup;
			children = (
				7FD1B2E9220392370027E4EB /* IfElseStatementsTests.swift */,
				7FD1B2EB220392370027E4EB /* Info.plist */,
			);
			path = IfElseStatementsTests;
			sourceTree = "<group>";
		};
		7FD1B2F3220392370027E4EB /* IfElseStatementsUITests */ = {
			isa = PBXGroup;
			children = (
				7FD1B2F4220392370027E4EB /* IfElseStatementsUITests.swift */,
				7FD1B2F6220392370027E4EB /* Info.plist */,
			);
			path = IfElseStatementsUITests;
			sourceTree = "<group>";
		};
/* End PBXGroup section */

/* Begin PBXNativeTarget section */
		7FD1B2D0220392360027E4EB /* IfElseStatements */ = {
			isa = PBXNativeTarget;
			buildConfigurationList = 7FD1B2F9220392370027E4EB /* Build configuration list for PBXNativeTarget "IfElseStatements" */;
			buildPhases = (
				7FD1B2CD220392360027E4EB /* Sources */,
				7FD1B2CE220392360027E4EB /* Frameworks */,
				7FD1B2CF220392360027E4EB /* Resources */,
			);
			buildRules = (
			);
			dependencies = (
			);
			name = IfElseStatements;
			productName = IfElseStatements;
			productReference = 7FD1B2D1220392360027E4EB /* IfElseStatements.app */;
			productType = "com.apple.product-type.application";
		};
		7FD1B2E4220392370027E4EB /* IfElseStatementsTests */ = {
			isa = PBXNativeTarget;
			buildConfigurationList = 7FD1B2FC220392370027E4EB /* Build configuration list for PBXNativeTarget "IfElseStatementsTests" */;
			buildPhases = (
				7FD1B2E1220392370027E4EB /* Sources */,
				7FD1B2E2220392370027E4EB /* Frameworks */,
				7FD1B2E3220392370027E4EB /* Resources */,
			);
			buildRules = (
			);
			dependencies = (
				7FD1B2E7220392370027E4EB /* PBXTargetDependency */,
			);
			name = IfElseStatementsTests;
			productName = IfElseStatementsTests;
			productReference = 7FD1B2E5220392370027E4EB /* IfElseStatementsTests.xctest */;
			productType = "com.apple.product-type.bundle.unit-test";
		};
		7FD1B2EF220392370027E4EB /* IfElseStatementsUITests */ = {
			isa = PBXNativeTarget;
			buildConfigurationList = 7FD1B2FF220392370027E4EB /* Build configuration list for PBXNativeTarget "IfElseStatementsUITests" */;
			buildPhases = (
				7FD1B2EC220392370027E4EB /* Sources */,
				7FD1B2ED220392370027E4EB /* Frameworks */,
				7FD1B2EE220392370027E4EB /* Resources */,
			);
			buildRules = (
			);
			dependencies = (
				7FD1B2F2220392370027E4EB /* PBXTargetDependency */,
			);
			name = IfElseStatementsUITests;
			productName = IfElseStatementsUITests;
			productReference = 7FD1B2F0220392370027E4EB /* IfElseStatementsUITests.xctest */;
			productType = "com.apple.product-type.bundle.ui-testing";
		};
/* End PBXNativeTarget section */

/* Begin PBXProject section */
		7FD1B2C9220392360027E4EB /* Project object */ = {
			isa = PBXProject;
			attributes = {
				LastSwiftUpdateCheck = 1010;
				LastUpgradeCheck = 1010;
				ORGANIZATIONNAME = UHWO.org;
				TargetAttributes = {
					7FD1B2D0220392360027E4EB = {
						CreatedOnToolsVersion = 10.1;
					};
					7FD1B2E4220392370027E4EB = {
						CreatedOnToolsVersion = 10.1;
						TestTargetID = 7FD1B2D0220392360027E4EB;
					};
					7FD1B2EF220392370027E4EB = {
						CreatedOnToolsVersion = 10.1;
						TestTargetID = 7FD1B2D0220392360027E4EB;
					};
				};
			};
			buildConfigurationList = 7FD1B2CC220392360027E4EB /* Build configuration list for PBXProject "IfElseStatements" */;
			compatibilityVersion = "Xcode 9.3";
			developmentRegion = en;
			hasScannedForEncodings = 0;
			knownRegions = (
				en,
				Base,
			);
			mainGroup = 7FD1B2C8220392360027E4EB;
			productRefGroup = 7FD1B2D2220392360027E4EB /* Products */;
			projectDirPath = "";
			projectRoot = "";
			targets = (
				7FD1B2D0220392360027E4EB /* IfElseStatements */,
				7FD1B2E4220392370027E4EB /* IfElseStatementsTests */,
				7FD1B2EF220392370027E4EB /* IfElseStatementsUITests */,
			);
		};
/* End PBXProject section */

/* Begin PBXResourcesBuildPhase section */
		7FD1B2CF220392360027E4EB /* Resources */ = {
			isa = PBXResourcesBuildPhase;
			buildActionMask = 2147483647;
			files = (
				7FD1B2DF220392370027E4EB /* LaunchScreen.storyboard in Resources */,
				7FD1B2DC220392370027E4EB /* Assets.xcassets in Resources */,
				7FD1B2DA220392360027E4EB /* Main.storyboard in Resources */,
			);
			runOnlyForDeploymentPostprocessing = 0;
		};
		7FD1B2E3220392370027E4EB /* Resources */ = {
			isa = PBXResourcesBuildPhase;
			buildActionMask = 2147483647;
			files = (
			);
			runOnlyForDeploymentPostprocessing = 0;
		};
		7FD1B2EE220392370027E4EB /* Resources */ = {
			isa = PBXResourcesBuildPhase;
			buildActionMask = 2147483647;
			files = (
			);
			runOnlyForDeploymentPostprocessing = 0;
		};
/* End PBXResourcesBuildPhase section */

/* Begin PBXSourcesBuildPhase section */
		7FD1B2CD220392360027E4EB /* Sources */ = {
			isa = PBXSourcesBuildPhase;
			buildActionMask = 2147483647;
			files = (
				7FD1B2D7220392360027E4EB /* ViewController.swift in Sources */,
				7FD1B2D5220392360027E4EB /* AppDelegate.swift in Sources */,
			);
			runOnlyForDeploymentPostprocessing = 0;
		};
		7FD1B2E1220392370027E4EB /* Sources */ = {
			isa = PBXSourcesBuildPhase;
			buildActionMask = 2147483647;
			files = (
				7FD1B2EA220392370027E4EB /* IfElseStatementsTests.swift in Sources */,
			);
			runOnlyForDeploymentPostprocessing = 0;
		};
		7FD1B2EC220392370027E4EB /* Sources */ = {
			isa = PBXSourcesBuildPhase;
			buildActionMask = 2147483647;
			files = (
				7FD1B2F5220392370027E4EB /* IfElseStatementsUITests.swift in Sources */,
			);
			runOnlyForDeploymentPostprocessing = 0;
		};
/* End PBXSourcesBuildPhase section */

/* Begin PBXTargetDependency section */
		7FD1B2E7220392370027E4EB /* PBXTargetDependency */ = {
			isa = PBXTargetDependency;
			target = 7FD1B2D0220392360027E4EB /* IfElseStatements */;
			targetProxy = 7FD1B2E6220392370027E4EB /* PBXContainerItemProxy */;
		};
		7FD1B2F2220392370027E4EB /* PBXTargetDependency */ = {
			isa = PBXTargetDependency;
			target = 7FD1B2D0220392360027E4EB /* IfElseStatements */;
			targetProxy = 7FD1B2F1220392370027E4EB /* PBXContainerItemProxy */;
		};
/* End PBXTargetDependency section */

/* Begin PBXVariantGroup section */
		7FD1B2D8220392360027E4EB /* Main.storyboard */ = {
			isa = PBXVariantGroup;
			children = (
				7FD1B2D9220392360027E4EB /* Base */,
			);
			name = Main.storyboard;
			sourceTree = "<group>";
		};
		7FD1B2DD220392370027E4EB /* LaunchScreen.storyboard */ = {
			isa = PBXVariantGroup;
			children = (
				7FD1B2DE220392370027E4EB /* Base */,
			);
			name = LaunchScreen.storyboard;
			sourceTree = "<group>";
		};
/* End PBXVariantGroup section */

/* Begin XCBuildConfiguration section */
		7FD1B2F7220392370027E4EB /* Debug */ = {
			isa = XCBuildConfiguration;
			buildSettings = {
				ALWAYS_SEARCH_USER_PATHS = NO;
				CLANG_ANALYZER_NONNULL = YES;
				CLANG_ANALYZER_NUMBER_OBJECT_CONVERSION = YES_AGGRESSIVE;
				CLANG_CXX_LANGUAGE_STANDARD = "gnu++14";
				CLANG_CXX_LIBRARY = "libc++";
				CLANG_ENABLE_MODULES = YES;
				CLANG_ENABLE_OBJC_ARC = YES;
				CLANG_ENABLE_OBJC_WEAK = YES;
				CLANG_WARN_BLOCK_CAPTURE_AUTORELEASING = YES;
				CLANG_WARN_BOOL_CONVERSION = YES;
				CLANG_WARN_COMMA = YES;
				CLANG_WARN_CONSTANT_CONVERSION = YES;
				CLANG_WARN_DEPRECATED_OBJC_IMPLEMENTATIONS = YES;
				CLANG_WARN_DIRECT_OBJC_ISA_USAGE = YES_ERROR;
				CLANG_WARN_DOCUMENTATION_COMMENTS = YES;
				CLANG_WARN_EMPTY_BODY = YES;
				CLANG_WARN_ENUM_CONVERSION = YES;
				CLANG_WARN_INFINITE_RECURSION = YES;
				CLANG_WARN_INT_CONVERSION = YES;
				CLANG_WARN_NON_LITERAL_NULL_CONVERSION = YES;
				CLANG_WARN_OBJC_IMPLICIT_RETAIN_SELF = YES;
				CLANG_WARN_OBJC_LITERAL_CONVERSION = YES;
				CLANG_WARN_OBJC_ROOT_CLASS = YES_ERROR;
				CLANG_WARN_RANGE_LOOP_ANALYSIS = YES;
				CLANG_WARN_STRICT_PROTOTYPES = YES;
				CLANG_WARN_SUSPICIOUS_MOVE = YES;
				CLANG_WARN_UNGUARDED_AVAILABILITY = YES_AGGRESSIVE;
				CLANG_WARN_UNREACHABLE_CODE = YES;
				CLANG_WARN__DUPLICATE_METHOD_MATCH = YES;
				CODE_SIGN_IDENTITY = "iPhone Developer";
				COPY_PHASE_STRIP = NO;
				DEBUG_INFORMATION_FORMAT = dwarf;
				ENABLE_STRICT_OBJC_MSGSEND = YES;
				ENABLE_TESTABILITY = YES;
				GCC_C_LANGUAGE_STANDARD = gnu11;
				GCC_DYNAMIC_NO_PIC = NO;
				GCC_NO_COMMON_BLOCKS = YES;
				GCC_OPTIMIZATION_LEVEL = 0;
				GCC_PREPROCESSOR_DEFINITIONS = (
					"DEBUG=1",
					"$(inherited)",
				);
				GCC_WARN_64_TO_32_BIT_CONVERSION = YES;
				GCC_WARN_ABOUT_RETURN_TYPE = YES_ERROR;
				GCC_WARN_UNDECLARED_SELECTOR = YES;
				GCC_WARN_UNINITIALIZED_AUTOS = YES_AGGRESSIVE;
				GCC_WARN_UNUSED_FUNCTION = YES;
				GCC_WARN_UNUSED_VARIABLE = YES;
				IPHONEOS_DEPLOYMENT_TARGET = 12.1;
				MTL_ENABLE_DEBUG_INFO = INCLUDE_SOURCE;
				MTL_FAST_MATH = YES;
				ONLY_ACTIVE_ARCH = YES;
				SDKROOT = iphoneos;
				SWIFT_ACTIVE_COMPILATION_CONDITIONS = DEBUG;
				SWIFT_OPTIMIZATION_LEVEL = "-Onone";
			};
			name = Debug;
		};
		7FD1B2F8220392370027E4EB /* Release */ = {
			isa = XCBuildConfiguration;
			buildSettings = {
				ALWAYS_SEARCH_USER_PATHS = NO;
				CLANG_ANALYZER_NONNULL = YES;
				CLANG_ANALYZER_NUMBER_OBJECT_CONVERSION = YES_AGGRESSIVE;
				CLANG_CXX_LANGUAGE_STANDARD = "gnu++14";
				CLANG_CXX_LIBRARY = "libc++";
				CLANG_ENABLE_MODULES = YES;
				CLANG_ENABLE_OBJC_ARC = YES;
				CLANG_ENABLE_OBJC_WEAK = YES;
				CLANG_WARN_BLOCK_CAPTURE_AUTORELEASING = YES;
				CLANG_WARN_BOOL_CONVERSION = YES;
				CLANG_WARN_COMMA = YES;
				CLANG_WARN_CONSTANT_CONVERSION = YES;
				CLANG_WARN_DEPRECATED_OBJC_IMPLEMENTATIONS = YES;
				CLANG_WARN_DIRECT_OBJC_ISA_USAGE = YES_ERROR;
				CLANG_WARN_DOCUMENTATION_COMMENTS = YES;
				CLANG_WARN_EMPTY_BODY = YES;
				CLANG_WARN_ENUM_CONVERSION = YES;
				CLANG_WARN_INFINITE_RECURSION = YES;
				CLANG_WARN_INT_CONVERSION = YES;
				CLANG_WARN_NON_LITERAL_NULL_CONVERSION = YES;
				CLANG_WARN_OBJC_IMPLICIT_RETAIN_SELF = YES;
				CLANG_WARN_OBJC_LITERAL_CONVERSION = YES;
				CLANG_WARN_OBJC_ROOT_CLASS = YES_ERROR;
				CLANG_WARN_RANGE_LOOP_ANALYSIS = YES;
				CLANG_WARN_STRICT_PROTOTYPES = YES;
				CLANG_WARN_SUSPICIOUS_MOVE = YES;
				CLANG_WARN_UNGUARDED_AVAILABILITY = YES_AGGRESSIVE;
				CLANG_WARN_UNREACHABLE_CODE = YES;
				CLANG_WARN__DUPLICATE_METHOD_MATCH = YES;
				CODE_SIGN_IDENTITY = "iPhone Developer";
				COPY_PHASE_STRIP = NO;
				DEBUG_INFORMATION_FORMAT = "dwarf-with-dsym";
				ENABLE_NS_ASSERTIONS = NO;
				ENABLE_STRICT_OBJC_MSGSEND = YES;
				GCC_C_LANGUAGE_STANDARD = gnu11;
				GCC_NO_COMMON_BLOCKS = YES;
				GCC_WARN_64_TO_32_BIT_CONVERSION = YES;
				GCC_WARN_ABOUT_RETURN_TYPE = YES_ERROR;
				GCC_WARN_UNDECLARED_SELECTOR = YES;
				GCC_WARN_UNINITIALIZED_AUTOS = YES_AGGRESSIVE;
				GCC_WARN_UNUSED_FUNCTION = YES;
				GCC_WARN_UNUSED_VARIABLE = YES;
				IPHONEOS_DEPLOYMENT_TARGET = 12.1;
				MTL_ENABLE_DEBUG_INFO = NO;
				MTL_FAST_MATH = YES;
				SDKROOT = iphoneos;
				SWIFT_COMPILATION_MODE = wholemodule;
				SWIFT_OPTIMIZATION_LEVEL = "-O";
				VALIDATE_PRODUCT = YES;
			};
			name = Release;
		};
		7FD1B2FA220392370027E4EB /* Debug */ = {
			isa = XCBuildConfiguration;
			buildSettings = {
				ASSETCATALOG_COMPILER_APPICON_NAME = AppIcon;
				CODE_SIGN_STYLE = Automatic;
				DEVELOPMENT_TEAM = W8M95NPX9F;
				INFOPLIST_FILE = IfElseStatements/Info.plist;
				LD_RUNPATH_SEARCH_PATHS = (
					"$(inherited)",
					"@executable_path/Frameworks",
				);
				PRODUCT_BUNDLE_IDENTIFIER = uhwo.org.IfElseStatements;
				PRODUCT_NAME = "$(TARGET_NAME)";
				SWIFT_VERSION = 4.2;
				TARGETED_DEVICE_FAMILY = "1,2";
			};
			name = Debug;
		};
		7FD1B2FB220392370027E4EB /* Release */ = {
			isa = XCBuildConfiguration;
			buildSettings = {
				ASSETCATALOG_COMPILER_APPICON_NAME = AppIcon;
				CODE_SIGN_STYLE = Automatic;
				DEVELOPMENT_TEAM = W8M95NPX9F;
				INFOPLIST_FILE = IfElseStatements/Info.plist;
				LD_RUNPATH_SEARCH_PATHS = (
					"$(inherited)",
					"@executable_path/Frameworks",
				);
				PRODUCT_BUNDLE_IDENTIFIER = uhwo.org.IfElseStatements;
				PRODUCT_NAME = "$(TARGET_NAME)";
				SWIFT_VERSION = 4.2;
				TARGETED_DEVICE_FAMILY = "1,2";
			};
			name = Release;
		};
		7FD1B2FD220392370027E4EB /* Debug */ = {
			isa = XCBuildConfiguration;
			buildSettings = {
				ALWAYS_EMBED_SWIFT_STANDARD_LIBRARIES = YES;
				BUNDLE_LOADER = "$(TEST_HOST)";
				CODE_SIGN_STYLE = Automatic;
				DEVELOPMENT_TEAM = W8M95NPX9F;
				INFOPLIST_FILE = IfElseStatementsTests/Info.plist;
				LD_RUNPATH_SEARCH_PATHS = (
					"$(inherited)",
					"@executable_path/Frameworks",
					"@loader_path/Frameworks",
				);
				PRODUCT_BUNDLE_IDENTIFIER = uhwo.org.IfElseStatementsTests;
				PRODUCT_NAME = "$(TARGET_NAME)";
				SWIFT_VERSION = 4.2;
				TARGETED_DEVICE_FAMILY = "1,2";
				TEST_HOST = "$(BUILT_PRODUCTS_DIR)/IfElseStatements.app/IfElseStatements";
			};
			name = Debug;
		};
		7FD1B2FE220392370027E4EB /* Release */ = {
			isa = XCBuildConfiguration;
			buildSettings = {
				ALWAYS_EMBED_SWIFT_STANDARD_LIBRARIES = YES;
				BUNDLE_LOADER = "$(TEST_HOST)";
				CODE_SIGN_STYLE = Automatic;
				DEVELOPMENT_TEAM = W8M95NPX9F;
				INFOPLIST_FILE = IfElseStatementsTests/Info.plist;
				LD_RUNPATH_SEARCH_PATHS = (
					"$(inherited)",
					"@executable_path/Frameworks",
					"@loader_path/Frameworks",
				);
				PRODUCT_BUNDLE_IDENTIFIER = uhwo.org.IfElseStatementsTests;
				PRODUCT_NAME = "$(TARGET_NAME)";
				SWIFT_VERSION = 4.2;
				TARGETED_DEVICE_FAMILY = "1,2";
				TEST_HOST = "$(BUILT_PRODUCTS_DIR)/IfElseStatements.app/IfElseStatements";
			};
			name = Release;
		};
		7FD1B300220392370027E4EB /* Debug */ = {
			isa = XCBuildConfiguration;
			buildSettings = {
				ALWAYS_EMBED_SWIFT_STANDARD_LIBRARIES = YES;
				CODE_SIGN_STYLE = Automatic;
				DEVELOPMENT_TEAM = W8M95NPX9F;
				INFOPLIST_FILE = IfElseStatementsUITests/Info.plist;
				LD_RUNPATH_SEARCH_PATHS = (
					"$(inherited)",
					"@executable_path/Frameworks",
					"@loader_path/Frameworks",
				);
				PRODUCT_BUNDLE_IDENTIFIER = uhwo.org.IfElseStatementsUITests;
				PRODUCT_NAME = "$(TARGET_NAME)";
				SWIFT_VERSION = 4.2;
				TARGETED_DEVICE_FAMILY = "1,2";
				TEST_TARGET_NAME = IfElseStatements;
			};
			name = Debug;
		};
		7FD1B301220392370027E4EB /* Release */ = {
			isa = XCBuildConfiguration;
			buildSettings = {
				ALWAYS_EMBED_SWIFT_STANDARD_LIBRARIES = YES;
				CODE_SIGN_STYLE = Automatic;
				DEVELOPMENT_TEAM = W8M95NPX9F;
				INFOPLIST_FILE = IfElseStatementsUITests/Info.plist;
				LD_RUNPATH_SEARCH_PATHS = (
					"$(inherited)",
					"@executable_path/Frameworks",
					"@loader_path/Frameworks",
				);
				PRODUCT_BUNDLE_IDENTIFIER = uhwo.org.IfElseStatementsUITests;
				PRODUCT_NAME = "$(TARGET_NAME)";
				SWIFT_VERSION = 4.2;
				TARGETED_DEVICE_FAMILY = "1,2";
				TEST_TARGET_NAME = IfElseStatements;
			};
			name = Release;
		};
/* End XCBuildConfiguration section */

/* Begin XCConfigurationList section */
		7FD1B2CC220392360027E4EB /* Build configuration list for PBXProject "IfElseStatements" */ = {
			isa = XCConfigurationList;
			buildConfigurations = (
				7FD1B2F7220392370027E4EB /* Debug */,
				7FD1B2F8220392370027E4EB /* Release */,
			);
			defaultConfigurationIsVisible = 0;
			defaultConfigurationName = Release;
		};
		7FD1B2F9220392370027E4EB /* Build configuration list for PBXNativeTarget "IfElseStatements" */ = {
			isa = XCConfigurationList;
			buildConfigurations = (
				7FD1B2FA220392370027E4EB /* Debug */,
				7FD1B2FB220392370027E4EB /* Release */,
			);
			defaultConfigurationIsVisible = 0;
			defaultConfigurationName = Release;
		};
		7FD1B2FC220392370027E4EB /* Build configuration list for PBXNativeTarget "IfElseStatementsTests" */ = {
			isa = XCConfigurationList;
			buildConfigurations = (
				7FD1B2FD220392370027E4EB /* Debug */,
				7FD1B2FE220392370027E4EB /* Release */,
			);
			defaultConfigurationIsVisible = 0;
			defaultConfigurationName = Release;
		};
		7FD1B2FF220392370027E4EB /* Build configuration list for PBXNativeTarget "IfElseStatementsUITests" */ = {
			isa = XCConfigurationList;
			buildConfigurations = (
				7FD1B300220392370027E4EB /* Debug */,
				7FD1B301220392370027E4EB /* Release */,
			);
			defaultConfigurationIsVisible = 0;
			defaultConfigurationName = Release;
		};
/* End XCConfigurationList section */
	};
	rootObject = 7FD1B2C9220392360027E4EB /* Project object */;
}
